
Microsoft Visual Studio Solution File, Format Version 12.00
# Visual Studio Version 16
VisualStudioVersion = 16.0.29503.13
MinimumVisualStudioVersion = 10.0.40219.1
Project("{FAE04EC0-301F-11D3-BF4B-00C04F79EFBC}") = "VoiceToString_CSharp", "VoiceToString_CSharp.csproj", "{903D33BD-3DB5-4062-93C3-0BB2AD3EB317}"
EndProject
Global
	GlobalSection(SolutionConfigurationPlatforms) = preSolution
		Debug|ARM = Debug|ARM
		Debug|ARM64 = Debug|ARM64
		Debug|x64 = Debug|x64
		Debug|x86 = Debug|x86
		Release|ARM = Release|ARM
		Release|ARM64 = Release|ARM64
		Release|x64 = Release|x64
		Release|x86 = Release|x86
	EndGlobalSection
	GlobalSection(ProjectConfigurationPlatforms) = postSolution
		{903D33BD-3DB5-4062-93C3-0BB2AD3EB317}.Debug|ARM.ActiveCfg = Debug|ARM
		{903D33BD-3DB5-4062-93C3-0BB2AD3EB317}.Debug|ARM.Build.0 = Debug|ARM
		{903D33BD-3DB5-4062-93C3-0BB2AD3EB317}.Debug|ARM.Deploy.0 = Debug|ARM
		{903D33BD-3DB5-4062-93C3-0BB2AD3EB317}.Debug|ARM64.ActiveCfg = Debug|ARM64
		{903D33BD-3DB5-4062-93C3-0BB2AD3EB317}.Debug|ARM64.Build.0 = Debug|ARM64
		{903D33BD-3DB5-4062-93C3-0BB2AD3EB317}.Debug|ARM64.Deploy.0 = Debug|ARM64
		{903D33BD-3DB5-4062-93C3-0BB2AD3EB317}.Debug|x64.ActiveCfg = Debug|x64
		{903D33BD-3DB5-4062-93C3-0BB2AD3EB317}.Debug|x64.Build.0 = Debug|x64
		{903D33BD-3DB5-4062-93C3-0BB2AD3EB317}.Debug|x64.Deploy.0 = Debug|x64
		{903D33BD-3DB5-4062-93C3-0BB2AD3EB317}.Debug|x86.ActiveCfg = Debug|x86
		{903D33BD-3DB5-4062-93C3-0BB2AD3EB317}.Debug|x86.Build.0 = Debug|x86
		{903D33BD-3DB5-4062-93C3-0BB2AD3EB317}.Debug|x86.Deploy.0 = Debug|x86
		{903D33BD-3DB5-4062-93C3-0BB2AD3EB317}.Release|ARM.ActiveCfg = Release|ARM
		{903D33BD-3DB5-4062-93C3-0BB2AD3EB317}.Release|ARM.Build.0 = Release|ARM
		{903D33BD-3DB5-4062-93C3-0BB2AD3EB317}.Release|ARM.Deploy.0 = Release|ARM
		{903D33BD-3DB5-4062-93C3-0BB2AD3EB317}.Release|ARM64.ActiveCfg = Release|ARM64
		{903D33BD-3DB5-4062-93C3-0BB2AD3EB317}.Release|ARM64.Build.0 = Release|ARM64
		{903D33BD-3DB5-4062-93C3-0BB2AD3EB317}.Release|ARM64.Deploy.0 = Release|ARM64
		{903D33BD-3DB5-4062-93C3-0BB2AD3EB317}.Release|x64.ActiveCfg = Release|x64
		{903D33BD-3DB5-4062-93C3-0BB2AD3EB317}.Release|x64.Build.0 = Release|x64
		{903D33BD-3DB5-4062-93C3-0BB2AD3EB317}.Release|x64.Deploy.0 = Release|x64
		{903D33BD-3DB5-4062-93C3-0BB2AD3EB317}.Release|x86.ActiveCfg = Release|x86
		{903D33BD-3DB5-4062-93C3-0BB2AD3EB317}.Release|x86.Build.0 = Release|x86
		{903D33BD-3DB5-4062-93C3-0BB2AD3EB317}.Release|x86.Deploy.0 = Release|x86
	EndGlobalSection
	GlobalSection(SolutionProperties) = preSolution
		HideSolutionNode = FALSE
	EndGlobalSection
	GlobalSection(ExtensibilityGlobals) = postSolution
		SolutionGuid = {DBBCB44A-40B3-452B-9C3D-802A295519C6}
	EndGlobalSection
EndGlobal
